
Microsoft Visual Studio Solution File, Format Version 12.00
# Visual Studio 15
VisualStudioVersion = 15.0.28010.2048
MinimumVisualStudioVersion = 10.0.40219.1
Project("{FAE04EC0-301F-11D3-BF4B-00C04F79EFBC}") = "Task_01", "Task_01\Task_01.csproj", "{D64CF07F-06BE-4614-BD28-61E3D8BDBFA2}"
EndProject
Project("{FAE04EC0-301F-11D3-BF4B-00C04F79EFBC}") = "Task_02", "Task_02\Task_02.csproj", "{A9543CE4-8AD2-4798-A1B3-8754A2F9A4B8}"
EndProject
Project("{FAE04EC0-301F-11D3-BF4B-00C04F79EFBC}") = "Task_03", "Task_03\Task_03.csproj", "{C2907B9A-B4CE-47CC-97D0-F83B31234AAE}"
EndProject
Project("{FAE04EC0-301F-11D3-BF4B-00C04F79EFBC}") = "Task_04", "Task_04\Task_04.csproj", "{31870C99-F88C-41A0-900F-10C83B05C1F9}"
EndProject
Project("{FAE04EC0-301F-11D3-BF4B-00C04F79EFBC}") = "Task_05", "Task_05\Task_05.csproj", "{9E03681A-BBDD-463A-9036-D7F75EE7BF5A}"
EndProject
Project("{FAE04EC0-301F-11D3-BF4B-00C04F79EFBC}") = "Task_06", "Task_06\Task_06.csproj", "{9EC19C91-A20D-4593-91F3-D514C6107C15}"
EndProject
Project("{FAE04EC0-301F-11D3-BF4B-00C04F79EFBC}") = "Task_07", "Task_07\Task_07.csproj", "{C5568140-6923-437C-ADAF-578B1390FB3F}"
EndProject
Project("{FAE04EC0-301F-11D3-BF4B-00C04F79EFBC}") = "Task_08", "Task_08\Task_08.csproj", "{62D3B8AD-8AB0-400D-94E4-E65ED24554A2}"
EndProject
Project("{FAE04EC0-301F-11D3-BF4B-00C04F79EFBC}") = "Task_09", "Task_09\Task_09.csproj", "{1F5A82BE-7D57-433A-96DD-5D256F28236D}"
EndProject
Project("{FAE04EC0-301F-11D3-BF4B-00C04F79EFBC}") = "Task_10", "Task_10\Task_10.csproj", "{540BE9AC-6CBB-4543-9227-4F1F15212097}"
EndProject
Project("{FAE04EC0-301F-11D3-BF4B-00C04F79EFBC}") = "Task_11", "Task_11\Task_11.csproj", "{ABE085B3-3938-49A7-8EDB-B445A4E4DB3F}"
EndProject
Project("{FAE04EC0-301F-11D3-BF4B-00C04F79EFBC}") = "Task_12", "Task_12\Task_12.csproj", "{D2329ABE-385B-4955-8198-F7826DC7C2E6}"
EndProject
Project("{FAE04EC0-301F-11D3-BF4B-00C04F79EFBC}") = "Task_13", "Task_13\Task_13.csproj", "{7287D1E6-6EB5-45F6-921B-9C83E42721E0}"
EndProject
Global
	GlobalSection(SolutionConfigurationPlatforms) = preSolution
		Debug|Any CPU = Debug|Any CPU
		Release|Any CPU = Release|Any CPU
	EndGlobalSection
	GlobalSection(ProjectConfigurationPlatforms) = postSolution
		{D64CF07F-06BE-4614-BD28-61E3D8BDBFA2}.Debug|Any CPU.ActiveCfg = Debug|Any CPU
		{D64CF07F-06BE-4614-BD28-61E3D8BDBFA2}.Debug|Any CPU.Build.0 = Debug|Any CPU
		{D64CF07F-06BE-4614-BD28-61E3D8BDBFA2}.Release|Any CPU.ActiveCfg = Release|Any CPU
		{D64CF07F-06BE-4614-BD28-61E3D8BDBFA2}.Release|Any CPU.Build.0 = Release|Any CPU
		{A9543CE4-8AD2-4798-A1B3-8754A2F9A4B8}.Debug|Any CPU.ActiveCfg = Debug|Any CPU
		{A9543CE4-8AD2-4798-A1B3-8754A2F9A4B8}.Debug|Any CPU.Build.0 = Debug|Any CPU
		{A9543CE4-8AD2-4798-A1B3-8754A2F9A4B8}.Release|Any CPU.ActiveCfg = Release|Any CPU
		{A9543CE4-8AD2-4798-A1B3-8754A2F9A4B8}.Release|Any CPU.Build.0 = Release|Any CPU
		{C2907B9A-B4CE-47CC-97D0-F83B31234AAE}.Debug|Any CPU.ActiveCfg = Debug|Any CPU
		{C2907B9A-B4CE-47CC-97D0-F83B31234AAE}.Debug|Any CPU.Build.0 = Debug|Any CPU
		{C2907B9A-B4CE-47CC-97D0-F83B31234AAE}.Release|Any CPU.ActiveCfg = Release|Any CPU
		{C2907B9A-B4CE-47CC-97D0-F83B31234AAE}.Release|Any CPU.Build.0 = Release|Any CPU
		{31870C99-F88C-41A0-900F-10C83B05C1F9}.Debug|Any CPU.ActiveCfg = Debug|Any CPU
		{31870C99-F88C-41A0-900F-10C83B05C1F9}.Debug|Any CPU.Build.0 = Debug|Any CPU
		{31870C99-F88C-41A0-900F-10C83B05C1F9}.Release|Any CPU.ActiveCfg = Release|Any CPU
		{31870C99-F88C-41A0-900F-10C83B05C1F9}.Release|Any CPU.Build.0 = Release|Any CPU
		{9E03681A-BBDD-463A-9036-D7F75EE7BF5A}.Debug|Any CPU.ActiveCfg = Debug|Any CPU
		{9E03681A-BBDD-463A-9036-D7F75EE7BF5A}.Debug|Any CPU.Build.0 = Debug|Any CPU
		{9E03681A-BBDD-463A-9036-D7F75EE7BF5A}.Release|Any CPU.ActiveCfg = Release|Any CPU
		{9E03681A-BBDD-463A-9036-D7F75EE7BF5A}.Release|Any CPU.Build.0 = Release|Any CPU
		{9EC19C91-A20D-4593-91F3-D514C6107C15}.Debug|Any CPU.ActiveCfg = Debug|Any CPU
		{9EC19C91-A20D-4593-91F3-D514C6107C15}.Debug|Any CPU.Build.0 = Debug|Any CPU
		{9EC19C91-A20D-4593-91F3-D514C6107C15}.Release|Any CPU.ActiveCfg = Release|Any CPU
		{9EC19C91-A20D-4593-91F3-D514C6107C15}.Release|Any CPU.Build.0 = Release|Any CPU
		{C5568140-6923-437C-ADAF-578B1390FB3F}.Debug|Any CPU.ActiveCfg = Debug|Any CPU
		{C5568140-6923-437C-ADAF-578B1390FB3F}.Debug|Any CPU.Build.0 = Debug|Any CPU
		{C5568140-6923-437C-ADAF-578B1390FB3F}.Release|Any CPU.ActiveCfg = Release|Any CPU
		{C5568140-6923-437C-ADAF-578B1390FB3F}.Release|Any CPU.Build.0 = Release|Any CPU
		{62D3B8AD-8AB0-400D-94E4-E65ED24554A2}.Debug|Any CPU.ActiveCfg = Debug|Any CPU
		{62D3B8AD-8AB0-400D-94E4-E65ED24554A2}.Debug|Any CPU.Build.0 = Debug|Any CPU
		{62D3B8AD-8AB0-400D-94E4-E65ED24554A2}.Release|Any CPU.ActiveCfg = Release|Any CPU
		{62D3B8AD-8AB0-400D-94E4-E65ED24554A2}.Release|Any CPU.Build.0 = Release|Any CPU
		{1F5A82BE-7D57-433A-96DD-5D256F28236D}.Debug|Any CPU.ActiveCfg = Debug|Any CPU
		{1F5A82BE-7D57-433A-96DD-5D256F28236D}.Debug|Any CPU.Build.0 = Debug|Any CPU
		{1F5A82BE-7D57-433A-96DD-5D256F28236D}.Release|Any CPU.ActiveCfg = Release|Any CPU
		{1F5A82BE-7D57-433A-96DD-5D256F28236D}.Release|Any CPU.Build.0 = Release|Any CPU
		{540BE9AC-6CBB-4543-9227-4F1F15212097}.Debug|Any CPU.ActiveCfg = Debug|Any CPU
		{540BE9AC-6CBB-4543-9227-4F1F15212097}.Debug|Any CPU.Build.0 = Debug|Any CPU
		{540BE9AC-6CBB-4543-9227-4F1F15212097}.Release|Any CPU.ActiveCfg = Release|Any CPU
		{540BE9AC-6CBB-4543-9227-4F1F15212097}.Release|Any CPU.Build.0 = Release|Any CPU
		{ABE085B3-3938-49A7-8EDB-B445A4E4DB3F}.Debug|Any CPU.ActiveCfg = Debug|Any CPU
		{ABE085B3-3938-49A7-8EDB-B445A4E4DB3F}.Debug|Any CPU.Build.0 = Debug|Any CPU
		{ABE085B3-3938-49A7-8EDB-B445A4E4DB3F}.Release|Any CPU.ActiveCfg = Release|Any CPU
		{ABE085B3-3938-49A7-8EDB-B445A4E4DB3F}.Release|Any CPU.Build.0 = Release|Any CPU
		{D2329ABE-385B-4955-8198-F7826DC7C2E6}.Debug|Any CPU.ActiveCfg = Debug|Any CPU
		{D2329ABE-385B-4955-8198-F7826DC7C2E6}.Debug|Any CPU.Build.0 = Debug|Any CPU
		{D2329ABE-385B-4955-8198-F7826DC7C2E6}.Release|Any CPU.ActiveCfg = Release|Any CPU
		{D2329ABE-385B-4955-8198-F7826DC7C2E6}.Release|Any CPU.Build.0 = Release|Any CPU
		{7287D1E6-6EB5-45F6-921B-9C83E42721E0}.Debug|Any CPU.ActiveCfg = Debug|Any CPU
		{7287D1E6-6EB5-45F6-921B-9C83E42721E0}.Debug|Any CPU.Build.0 = Debug|Any CPU
		{7287D1E6-6EB5-45F6-921B-9C83E42721E0}.Release|Any CPU.ActiveCfg = Release|Any CPU
		{7287D1E6-6EB5-45F6-921B-9C83E42721E0}.Release|Any CPU.Build.0 = Release|Any CPU
	EndGlobalSection
	GlobalSection(SolutionProperties) = preSolution
		HideSolutionNode = FALSE
	EndGlobalSection
	GlobalSection(ExtensibilityGlobals) = postSolution
		SolutionGuid = {07313F0A-2A88-4BDE-883E-2EB9D19B491E}
	EndGlobalSection
EndGlobal
